
Microsoft Visual Studio Solution File, Format Version 12.00
# Visual Studio Version 16
VisualStudioVersion = 16.0.33801.447
MinimumVisualStudioVersion = 10.0.40219.1
Project("{FAE04EC0-301F-11D3-BF4B-00C04F79EFBC}") = "WindowsGPT", "WindowsGPT\WindowsGPT.csproj", "{910D2D03-5A03-4D9F-8806-545F72860FB7}"
EndProject
Global
	GlobalSection(SolutionConfigurationPlatforms) = preSolution
		Debug|Any CPU = Debug|Any CPU
		Release|Any CPU = Release|Any CPU
	EndGlobalSection
	GlobalSection(ProjectConfigurationPlatforms) = postSolution
		{910D2D03-5A03-4D9F-8806-545F72860FB7}.Debug|Any CPU.ActiveCfg = Debug|Any CPU
		{910D2D03-5A03-4D9F-8806-545F72860FB7}.Debug|Any CPU.Build.0 = Debug|Any CPU
		{910D2D03-5A03-4D9F-8806-545F72860FB7}.Release|Any CPU.ActiveCfg = Release|Any CPU
		{910D2D03-5A03-4D9F-8806-545F72860FB7}.Release|Any CPU.Build.0 = Release|Any CPU
	EndGlobalSection
	GlobalSection(SolutionProperties) = preSolution
		HideSolutionNode = FALSE
	EndGlobalSection
	GlobalSection(ExtensibilityGlobals) = postSolution
		SolutionGuid = {833CF6DC-353C-4738-846A-4921FA1C905E}
	EndGlobalSection
EndGlobal
